Microsoft Visual Studio Solution File, Format Version 11.00
# Visual Studio 2008

Project("{70199968-844F-5092-03B8-CB362989F943}") = "MemoryCards", "Assembly-CSharp.csproj", "{EB66AAA8-69F3-1E82-179F-948A25795A9E}"
EndProject
Global
	GlobalSection(SolutionConfigurationPlatforms) = preSolution
		Debug|Any CPU = Debug|Any CPU
		Release|Any CPU = Release|Any CPU
	EndGlobalSection
	GlobalSection(ProjectConfigurationPlatforms) = postSolution
		{EB66AAA8-69F3-1E82-179F-948A25795A9E}.Debug|Any CPU.ActiveCfg = Debug|Any CPU
		{EB66AAA8-69F3-1E82-179F-948A25795A9E}.Debug|Any CPU.Build.0 = Debug|Any CPU
		{EB66AAA8-69F3-1E82-179F-948A25795A9E}.Release|Any CPU.ActiveCfg = Release|Any CPU
		{EB66AAA8-69F3-1E82-179F-948A25795A9E}.Release|Any CPU.Build.0 = Release|Any CPU
	EndGlobalSection
	GlobalSection(SolutionProperties) = preSolution
		HideSolutionNode = FALSE
	EndGlobalSection
	GlobalSection(MonoDevelopProperties) = preSolution
		StartupItem = Assembly-CSharp.csproj
	EndGlobalSection
EndGlobal
